
Microsoft Visual Studio Solution File, Format Version 12.00
# Visual Studio Version 16
VisualStudioVersion = 16.0.31005.135
MinimumVisualStudioVersion = 10.0.40219.1
Project("{FAE04EC0-301F-11D3-BF4B-00C04F79EFBC}") = "RSA_Luis", "RSA_Luis.csproj", "{A7E91DD3-BC03-4C5C-99AC-A27AE09BD683}"
EndProject
Global
	GlobalSection(SolutionConfigurationPlatforms) = preSolution
		Debug|Any CPU = Debug|Any CPU
		Release|Any CPU = Release|Any CPU
	EndGlobalSection
	GlobalSection(ProjectConfigurationPlatforms) = postSolution
		{A7E91DD3-BC03-4C5C-99AC-A27AE09BD683}.Debug|Any CPU.ActiveCfg = Debug|Any CPU
		{A7E91DD3-BC03-4C5C-99AC-A27AE09BD683}.Debug|Any CPU.Build.0 = Debug|Any CPU
		{A7E91DD3-BC03-4C5C-99AC-A27AE09BD683}.Release|Any CPU.ActiveCfg = Release|Any CPU
		{A7E91DD3-BC03-4C5C-99AC-A27AE09BD683}.Release|Any CPU.Build.0 = Release|Any CPU
	EndGlobalSection
	GlobalSection(SolutionProperties) = preSolution
		HideSolutionNode = FALSE
	EndGlobalSection
	GlobalSection(ExtensibilityGlobals) = postSolution
		SolutionGuid = {FE2C8416-8FE0-40C4-9A9E-FBE401FBE339}
	EndGlobalSection
EndGlobal
